
Microsoft Visual Studio Solution File, Format Version 12.00
# Visual Studio 15
VisualStudioVersion = 15.0.27703.2035
MinimumVisualStudioVersion = 10.0.40219.1
Project("{FAE04EC0-301F-11D3-BF4B-00C04F79EFBC}") = "Pidify", "Pidify\Pidify.csproj", "{66754943-442A-4C3F-881E-6A2D698DC903}"
EndProject
Project("{FAE04EC0-301F-11D3-BF4B-00C04F79EFBC}") = "PidifyUnitTest", "PidifyUnitTest\PidifyUnitTest.csproj", "{CA931C20-ED2E-43CD-BC85-6C6D034F63C9}"
EndProject
Global
	GlobalSection(SolutionConfigurationPlatforms) = preSolution
		All|Any CPU = All|Any CPU
		Debug|Any CPU = Debug|Any CPU
		Release|Any CPU = Release|Any CPU
	EndGlobalSection
	GlobalSection(ProjectConfigurationPlatforms) = postSolution
		{66754943-442A-4C3F-881E-6A2D698DC903}.All|Any CPU.ActiveCfg = All|Any CPU
		{66754943-442A-4C3F-881E-6A2D698DC903}.All|Any CPU.Build.0 = All|Any CPU
		{66754943-442A-4C3F-881E-6A2D698DC903}.Debug|Any CPU.ActiveCfg = Debug|Any CPU
		{66754943-442A-4C3F-881E-6A2D698DC903}.Debug|Any CPU.Build.0 = Debug|Any CPU
		{66754943-442A-4C3F-881E-6A2D698DC903}.Release|Any CPU.ActiveCfg = Release|Any CPU
		{66754943-442A-4C3F-881E-6A2D698DC903}.Release|Any CPU.Build.0 = Release|Any CPU
		{CA931C20-ED2E-43CD-BC85-6C6D034F63C9}.All|Any CPU.ActiveCfg = All|Any CPU
		{CA931C20-ED2E-43CD-BC85-6C6D034F63C9}.All|Any CPU.Build.0 = All|Any CPU
		{CA931C20-ED2E-43CD-BC85-6C6D034F63C9}.Debug|Any CPU.ActiveCfg = Debug|Any CPU
		{CA931C20-ED2E-43CD-BC85-6C6D034F63C9}.Debug|Any CPU.Build.0 = Debug|Any CPU
		{CA931C20-ED2E-43CD-BC85-6C6D034F63C9}.Release|Any CPU.ActiveCfg = Release|Any CPU
		{CA931C20-ED2E-43CD-BC85-6C6D034F63C9}.Release|Any CPU.Build.0 = Release|Any CPU
	EndGlobalSection
	GlobalSection(SolutionProperties) = preSolution
		HideSolutionNode = FALSE
	EndGlobalSection
	GlobalSection(ExtensibilityGlobals) = postSolution
		SolutionGuid = {E9788FCB-E7B5-4887-A0EC-7F8F1F83776D}
	EndGlobalSection
EndGlobal
